
Microsoft Visual Studio Solution File, Format Version 12.00
# Visual Studio Version 16
VisualStudioVersion = 16.0.32228.343
MinimumVisualStudioVersion = 10.0.40219.1
Project("{FAE04EC0-301F-11D3-BF4B-00C04F79EFBC}") = "Test_ThucTap", "Test_ThucTap\Test_ThucTap.csproj", "{2B8F83D8-B90F-473A-B89B-849D88425FCF}"
EndProject
Global
	GlobalSection(SolutionConfigurationPlatforms) = preSolution
		Debug|Any CPU = Debug|Any CPU
		Release|Any CPU = Release|Any CPU
	EndGlobalSection
	GlobalSection(ProjectConfigurationPlatforms) = postSolution
		{2B8F83D8-B90F-473A-B89B-849D88425FCF}.Debug|Any CPU.ActiveCfg = Debug|Any CPU
		{2B8F83D8-B90F-473A-B89B-849D88425FCF}.Debug|Any CPU.Build.0 = Debug|Any CPU
		{2B8F83D8-B90F-473A-B89B-849D88425FCF}.Release|Any CPU.ActiveCfg = Release|Any CPU
		{2B8F83D8-B90F-473A-B89B-849D88425FCF}.Release|Any CPU.Build.0 = Release|Any CPU
	EndGlobalSection
	GlobalSection(SolutionProperties) = preSolution
		HideSolutionNode = FALSE
	EndGlobalSection
	GlobalSection(ExtensibilityGlobals) = postSolution
		SolutionGuid = {8C441F24-2512-414C-9B3E-7011DB687184}
	EndGlobalSection
EndGlobal
